
Microsoft Visual Studio Solution File, Format Version 12.00
# Visual Studio Version 17
VisualStudioVersion = 17.14.37314.3 d17.14
MinimumVisualStudioVersion = 10.0.40219.1
Project("{FAE04EC0-301F-11D3-BF4B-00C04F79EFBC}") = "Ligma", "Ligma\Ligma.csproj", "{AE42FE20-6B7F-4462-9C94-A5239EC1CF87}"
EndProject
Global
	GlobalSection(SolutionConfigurationPlatforms) = preSolution
		Debug|Any CPU = Debug|Any CPU
		Release|Any CPU = Release|Any CPU
	EndGlobalSection
	GlobalSection(ProjectConfigurationPlatforms) = postSolution
		{AE42FE20-6B7F-4462-9C94-A5239EC1CF87}.Debug|Any CPU.ActiveCfg = Debug|Any CPU
		{AE42FE20-6B7F-4462-9C94-A5239EC1CF87}.Debug|Any CPU.Build.0 = Debug|Any CPU
		{AE42FE20-6B7F-4462-9C94-A5239EC1CF87}.Release|Any CPU.ActiveCfg = Release|Any CPU
		{AE42FE20-6B7F-4462-9C94-A5239EC1CF87}.Release|Any CPU.Build.0 = Release|Any CPU
	EndGlobalSection
	GlobalSection(SolutionProperties) = preSolution
		HideSolutionNode = FALSE
	EndGlobalSection
	GlobalSection(ExtensibilityGlobals) = postSolution
		SolutionGuid = {03B13236-10BE-4929-8C6F-C87B437FF5F6}
	EndGlobalSection
EndGlobal
